{
  "nodes": {
    "betterfox": {
      "flake": false,
      "locked": {
        "lastModified": 1761706852,
        "narHash": "sha256-sZEgmCrAm0SnRoFmn8glScII07Kvpa6cYdC6jHHQmMI=",
        "owner": "yokoffing",
        "repo": "Betterfox",
        "rev": "3b159ac8fbb3d5921db8ff1763aa51cff12ea1ec",
        "type": "github"
      },
      "original": {
        "owner": "yokoffing",
        "repo": "Betterfox",
        "type": "github"
      }
    },
    "home-manager": {
      "inputs": {
        "nixpkgs": [
          "nixpkgs"
        ]
      },
      "locked": {
        "lastModified": 1762721397,
        "narHash": "sha256-E428EuouA4nFTNlLuqlL4lVR78X+EbBIqDqsBFnB79w=",
        "owner": "nix-community",
        "repo": "home-manager",
        "rev": "b8645b18b0f5374127bbade6de7381ef0b3d5720",
        "type": "github"
      },
      "original": {
        "owner": "nix-community",
        "repo": "home-manager",
        "type": "github"
      }
    },
    "home-manager_2": {
      "inputs": {
        "nixpkgs": [
          "zen-browser",
          "nixpkgs"
        ]
      },
      "locked": {
        "lastModified": 1762351818,
        "narHash": "sha256-0ptUDbYwxv1kk/uzEX4+NJjY2e16MaAhtzAOJ6K0TG0=",
        "owner": "nix-community",
        "repo": "home-manager",
        "rev": "b959c67241cae17fc9e4ee7eaf13dfa8512477ea",
        "type": "github"
      },
      "original": {
        "owner": "nix-community",
        "repo": "home-manager",
        "type": "github"
      }
    },
    "kwin-effects-forceblur": {
      "inputs": {
        "nixpkgs": [
          "nixpkgs"
        ],
        "utils": "utils"
      },
      "locked": {
        "lastModified": 1755098995,
        "narHash": "sha256-6FN7XEf27DenQHDIKjrjOW3tGIaJlyqRlXarmt1v+M0=",
        "owner": "taj-ny",
        "repo": "kwin-effects-forceblur",
        "rev": "51a1d49d7fd7df3ce40ccf6ba4c4410cf6f510e1",
        "type": "github"
      },
      "original": {
        "owner": "taj-ny",
        "repo": "kwin-effects-forceblur",
        "type": "github"
      }
    },
    "neovim": {
      "flake": false,
      "locked": {
        "lastModified": 1760069759,
        "narHash": "sha256-FA4N1e+bmadLj/825+Z/qvDTrh7li/SUikq2pcKsgYc=",
        "owner": "ezra-1",
        "repo": "Neovim-config",
        "rev": "04c6ba1309a52b33ff3ee54ec6dd433330dd3d29",
        "type": "github"
      },
      "original": {
        "owner": "ezra-1",
        "repo": "Neovim-config",
        "type": "github"
      }
    },
    "nixpkgs": {
      "locked": {
        "lastModified": 1762596750,
        "narHash": "sha256-rXXuz51Bq7DHBlfIjN7jO8Bu3du5TV+3DSADBX7/9YQ=",
        "owner": "nixos",
        "repo": "nixpkgs",
        "rev": "b6a8526db03f735b89dd5ff348f53f752e7ddc8e",
        "type": "github"
      },
      "original": {
        "owner": "nixos",
        "ref": "nixos-unstable",
        "repo": "nixpkgs",
        "type": "github"
      }
    },
    "nixpkgs-stable": {
      "locked": {
        "lastModified": 1762498405,
        "narHash": "sha256-Zg/SCgCaAioc0/SVZQJxuECGPJy+OAeBcGeA5okdYDc=",
        "owner": "nixos",
        "repo": "nixpkgs",
        "rev": "6faeb062ee4cf4f105989d490831713cc5a43ee1",
        "type": "github"
      },
      "original": {
        "owner": "nixos",
        "ref": "nixos-25.05",
        "repo": "nixpkgs",
        "type": "github"
      }
    },
    "plasma-manager": {
      "inputs": {
        "home-manager": [
          "home-manager"
        ],
        "nixpkgs": [
          "nixpkgs"
        ]
      },
      "locked": {
        "lastModified": 1762274591,
        "narHash": "sha256-Vbhluvk15qwiyNDyPd9tjJh9gxIfUjbKVT79c05Pd3I=",
        "owner": "nix-community",
        "repo": "plasma-manager",
        "rev": "6296d7100cc84b2ff732b7c103a50c2856974cf6",
        "type": "github"
      },
      "original": {
        "owner": "nix-community",
        "repo": "plasma-manager",
        "type": "github"
      }
    },
    "root": {
      "inputs": {
        "betterfox": "betterfox",
        "home-manager": "home-manager",
        "kwin-effects-forceblur": "kwin-effects-forceblur",
        "neovim": "neovim",
        "nixpkgs": "nixpkgs",
        "nixpkgs-stable": "nixpkgs-stable",
        "plasma-manager": "plasma-manager",
        "spicetify-nix": "spicetify-nix",
        "zen-browser": "zen-browser"
      }
    },
    "spicetify-nix": {
      "inputs": {
        "nixpkgs": [
          "nixpkgs"
        ],
        "systems": "systems_2"
      },
      "locked": {
        "lastModified": 1762718300,
        "narHash": "sha256-oOQimZTaV1jCw0OBmmK2g7Rdj3E8YGVpkJYD32BWKRQ=",
        "owner": "Gerg-L",
        "repo": "spicetify-nix",
        "rev": "c7175bd485ed5052df5075fcdde395b631316e94",
        "type": "github"
      },
      "original": {
        "owner": "Gerg-L",
        "repo": "spicetify-nix",
        "type": "github"
      }
    },
    "systems": {
      "locked": {
        "lastModified": 1681028828,
        "narHash": "sha256-Vy1rq5AaRuLzOxct8nz4T6wlgyUR7zLU309k9mBC768=",
        "owner": "nix-systems",
        "repo": "default",
        "rev": "da67096a3b9bf56a91d16901293e51ba5b49a27e",
        "type": "github"
      },
      "original": {
        "owner": "nix-systems",
        "repo": "default",
        "type": "github"
      }
    },
    "systems_2": {
      "locked": {
        "lastModified": 1681028828,
        "narHash": "sha256-Vy1rq5AaRuLzOxct8nz4T6wlgyUR7zLU309k9mBC768=",
        "owner": "nix-systems",
        "repo": "default",
        "rev": "da67096a3b9bf56a91d16901293e51ba5b49a27e",
        "type": "github"
      },
      "original": {
        "owner": "nix-systems",
        "repo": "default",
        "type": "github"
      }
    },
    "utils": {
      "inputs": {
        "systems": "systems"
      },
      "locked": {
        "lastModified": 1726560853,
        "narHash": "sha256-X6rJYSESBVr3hBoH0WbKE5KvhPU5bloyZ2L4K60/fPQ=",
        "owner": "numtide",
        "repo": "flake-utils",
        "rev": "c1dfcf08411b08f6b8615f7d8971a2bfa81d5e8a",
        "type": "github"
      },
      "original": {
        "owner": "numtide",
        "repo": "flake-utils",
        "type": "github"
      }
    },
    "zen-browser": {
      "inputs": {
        "home-manager": "home-manager_2",
        "nixpkgs": [
          "nixpkgs"
        ]
      },
      "locked": {
        "lastModified": 1762721850,
        "narHash": "sha256-DM2z2mMtHqo7SQkhTRws538Aa9MUxH3pw6u6ZQrfeKk=",
        "owner": "0xc000022070",
        "repo": "zen-browser-flake",
        "rev": "f0c7e6dafa5641880eaa49736526f9101aa0bdb4",
        "type": "github"
      },
      "original": {
        "owner": "0xc000022070",
        "repo": "zen-browser-flake",
        "type": "github"
      }
    }
  },
  "root": "root",
  "version": 7
}
